github.com/PullRequestInc/iostream v0.0.0-20240403164711-c70ae6214345 h1:nqxdy6vMnrr+zW0qTz2MIJwA2/4uC6zPrKPkbpkoWAI=
github.com/PullRequestInc/iostream v0.0.0-20240403164711-c70ae6214345/go.mod h1:dKSF4/3uDYL+hQEDuLTwse4npg980swW0/fGdihtsko=
github.com/gammazero/deque v1.0.0 h1:LTmimT8H7bXkkCy6gZX7zNLtkbz4NdS2z8LZuor3j34=
github.com/gammazero/deque v1.0.0/go.mod h1:iflpYvtGfM3U8S8j+sZEKIak3SAKYpA5/SQewgfXDKo=
github.com/golang-collections/collections v0.0.0-20130729185459-604e922904d3 h1:zN2lZNZRflqFyxVaTIU61KNKQ9C0055u9CAfpmqUvo4=
github.com/golang-collections/collections v0.0.0-20130729185459-604e922904d3/go.mod h1:nPpo7qLxd6XL3hWJG/O60sR8ZKfMCiIoNap5GvD12KU=
